
Microsoft Visual Studio Solution File, Format Version 12.00
# Visual Studio Version 17
VisualStudioVersion = 17.2.32630.192
MinimumVisualStudioVersion = 10.0.40219.1
Project("{FAE04EC0-301F-11D3-BF4B-00C04F79EFBC}") = "WikiClase", "WikiClase\WikiClase.csproj", "{835DB7B1-B1AA-4AFA-A38A-A9C156E13BB2}"
EndProject
Global
	GlobalSection(SolutionConfigurationPlatforms) = preSolution
		Debug|Any CPU = Debug|Any CPU
		Release|Any CPU = Release|Any CPU
	EndGlobalSection
	GlobalSection(ProjectConfigurationPlatforms) = postSolution
		{835DB7B1-B1AA-4AFA-A38A-A9C156E13BB2}.Debug|Any CPU.ActiveCfg = Debug|Any CPU
		{835DB7B1-B1AA-4AFA-A38A-A9C156E13BB2}.Debug|Any CPU.Build.0 = Debug|Any CPU
		{835DB7B1-B1AA-4AFA-A38A-A9C156E13BB2}.Release|Any CPU.ActiveCfg = Release|Any CPU
		{835DB7B1-B1AA-4AFA-A38A-A9C156E13BB2}.Release|Any CPU.Build.0 = Release|Any CPU
	EndGlobalSection
	GlobalSection(SolutionProperties) = preSolution
		HideSolutionNode = FALSE
	EndGlobalSection
	GlobalSection(ExtensibilityGlobals) = postSolution
		SolutionGuid = {5137A708-BAD1-4812-B0EB-01414CBC9979}
	EndGlobalSection
EndGlobal
